
Microsoft Visual Studio Solution File, Format Version 12.00
# Visual Studio Version 17
VisualStudioVersion = 17.5.33516.290
MinimumVisualStudioVersion = 10.0.40219.1
Project("{2150E333-8FDC-42A3-9474-1A3956D46DE8}") = "src", "src", "{F80E57FA-0910-495C-AB65-D0B20D8E7E94}"
EndProject
Project("{2150E333-8FDC-42A3-9474-1A3956D46DE8}") = "tests", "tests", "{E0A0C116-9D76-4F80-AD1B-8E39D92FB017}"
EndProject
Project("{9A19103F-16F7-4668-BE54-9A1E7A4F7556}") = "Ofgem.API.GBI.AddressVerification.Api", "src\Ofgem.API.GBI.AddressVerification.Api\Ofgem.API.GBI.AddressVerification.Api.csproj", "{544EC571-52A7-48C4-B651-66D2A760D4D3}"
EndProject
Project("{9A19103F-16F7-4668-BE54-9A1E7A4F7556}") = "Ofgem.API.GBI.AddressVerification.Application", "src\Ofgem.API.GBI.AddressVerification.Application\Ofgem.API.GBI.AddressVerification.Application.csproj", "{783700E6-9539-4475-992C-78B646A8132F}"
EndProject
Project("{9A19103F-16F7-4668-BE54-9A1E7A4F7556}") = "Ofgem.API.GBI.AddressVerification.Domain", "src\Ofgem.API.GBI.AddressVerification.Domain\Ofgem.API.GBI.AddressVerification.Domain.csproj", "{B28D0C92-AD6F-4196-BD2C-648A6CA8495D}"
EndProject
Project("{9A19103F-16F7-4668-BE54-9A1E7A4F7556}") = "Ofgem.API.GBI.AddressVerification.Infrastructure", "src\Ofgem.API.GBI.AddressVerification.Infrastructure\Ofgem.API.GBI.AddressVerification.Infrastructure.csproj", "{21EC9CC9-8648-4A0D-9317-657313FA7908}"
EndProject
Project("{9A19103F-16F7-4668-BE54-9A1E7A4F7556}") = "Ofgem.API.GBI.AddressVerification.Service", "src\Ofgem.API.GBI.AddressVerification.Service\Ofgem.API.GBI.AddressVerification.Service.csproj", "{BE82F277-FCA5-4DE5-BFBA-FF32F7DAC527}"
EndProject
Project("{9A19103F-16F7-4668-BE54-9A1E7A4F7556}") = "Ofgem.API.GBI.AddressVerification.Service.UnitTests", "tests\Ofgem.API.GBI.AddressVerification.Service.UnitTests\Ofgem.API.GBI.AddressVerification.Service.UnitTests.csproj", "{20C2C773-880B-4B4A-BA57-FFE285D4E63B}"
EndProject
Global
	GlobalSection(SolutionConfigurationPlatforms) = preSolution
		Debug|Any CPU = Debug|Any CPU
		Release|Any CPU = Release|Any CPU
	EndGlobalSection
	GlobalSection(ProjectConfigurationPlatforms) = postSolution
		{544EC571-52A7-48C4-B651-66D2A760D4D3}.Debug|Any CPU.ActiveCfg = Debug|Any CPU
		{544EC571-52A7-48C4-B651-66D2A760D4D3}.Debug|Any CPU.Build.0 = Debug|Any CPU
		{544EC571-52A7-48C4-B651-66D2A760D4D3}.Release|Any CPU.ActiveCfg = Release|Any CPU
		{544EC571-52A7-48C4-B651-66D2A760D4D3}.Release|Any CPU.Build.0 = Release|Any CPU
		{783700E6-9539-4475-992C-78B646A8132F}.Debug|Any CPU.ActiveCfg = Debug|Any CPU
		{783700E6-9539-4475-992C-78B646A8132F}.Debug|Any CPU.Build.0 = Debug|Any CPU
		{783700E6-9539-4475-992C-78B646A8132F}.Release|Any CPU.ActiveCfg = Release|Any CPU
		{783700E6-9539-4475-992C-78B646A8132F}.Release|Any CPU.Build.0 = Release|Any CPU
		{B28D0C92-AD6F-4196-BD2C-648A6CA8495D}.Debug|Any CPU.ActiveCfg = Debug|Any CPU
		{B28D0C92-AD6F-4196-BD2C-648A6CA8495D}.Debug|Any CPU.Build.0 = Debug|Any CPU
		{B28D0C92-AD6F-4196-BD2C-648A6CA8495D}.Release|Any CPU.ActiveCfg = Release|Any CPU
		{B28D0C92-AD6F-4196-BD2C-648A6CA8495D}.Release|Any CPU.Build.0 = Release|Any CPU
		{21EC9CC9-8648-4A0D-9317-657313FA7908}.Debug|Any CPU.ActiveCfg = Debug|Any CPU
		{21EC9CC9-8648-4A0D-9317-657313FA7908}.Debug|Any CPU.Build.0 = Debug|Any CPU
		{21EC9CC9-8648-4A0D-9317-657313FA7908}.Release|Any CPU.ActiveCfg = Release|Any CPU
		{21EC9CC9-8648-4A0D-9317-657313FA7908}.Release|Any CPU.Build.0 = Release|Any CPU
		{BE82F277-FCA5-4DE5-BFBA-FF32F7DAC527}.Debug|Any CPU.ActiveCfg = Debug|Any CPU
		{BE82F277-FCA5-4DE5-BFBA-FF32F7DAC527}.Debug|Any CPU.Build.0 = Debug|Any CPU
		{BE82F277-FCA5-4DE5-BFBA-FF32F7DAC527}.Release|Any CPU.ActiveCfg = Release|Any CPU
		{BE82F277-FCA5-4DE5-BFBA-FF32F7DAC527}.Release|Any CPU.Build.0 = Release|Any CPU
		{20C2C773-880B-4B4A-BA57-FFE285D4E63B}.Debug|Any CPU.ActiveCfg = Debug|Any CPU
		{20C2C773-880B-4B4A-BA57-FFE285D4E63B}.Debug|Any CPU.Build.0 = Debug|Any CPU
		{20C2C773-880B-4B4A-BA57-FFE285D4E63B}.Release|Any CPU.ActiveCfg = Release|Any CPU
		{20C2C773-880B-4B4A-BA57-FFE285D4E63B}.Release|Any CPU.Build.0 = Release|Any CPU
	EndGlobalSection
	GlobalSection(SolutionProperties) = preSolution
		HideSolutionNode = FALSE
	EndGlobalSection
	GlobalSection(NestedProjects) = preSolution
		{544EC571-52A7-48C4-B651-66D2A760D4D3} = {F80E57FA-0910-495C-AB65-D0B20D8E7E94}
		{783700E6-9539-4475-992C-78B646A8132F} = {F80E57FA-0910-495C-AB65-D0B20D8E7E94}
		{B28D0C92-AD6F-4196-BD2C-648A6CA8495D} = {F80E57FA-0910-495C-AB65-D0B20D8E7E94}
		{21EC9CC9-8648-4A0D-9317-657313FA7908} = {F80E57FA-0910-495C-AB65-D0B20D8E7E94}
		{BE82F277-FCA5-4DE5-BFBA-FF32F7DAC527} = {F80E57FA-0910-495C-AB65-D0B20D8E7E94}
		{20C2C773-880B-4B4A-BA57-FFE285D4E63B} = {E0A0C116-9D76-4F80-AD1B-8E39D92FB017}
	EndGlobalSection
	GlobalSection(ExtensibilityGlobals) = postSolution
		SolutionGuid = {BCAB3F7C-CF5A-48C2-8369-70A7FFD947DC}
	EndGlobalSection
EndGlobal
